
Microsoft Visual Studio Solution File, Format Version 12.00
# Visual Studio 15
Project("{FAE04EC0-301F-11D3-BF4B-00C04F79EFBC}") = "UnityEngine.TestRunner", "UnityEngine.TestRunner.csproj", "{5D427EBF-B067-81F1-EFC8-0252D3FD26A6}"
EndProject
Project("{FAE04EC0-301F-11D3-BF4B-00C04F79EFBC}") = "UnityEngine.UI", "UnityEngine.UI.csproj", "{34695288-41CA-D588-0A95-AD40910CA565}"
EndProject
Project("{FAE04EC0-301F-11D3-BF4B-00C04F79EFBC}") = "Unity.TextMeshPro", "Unity.TextMeshPro.csproj", "{051CDC7B-6996-1788-A29C-9D58C1E1D78E}"
EndProject
Project("{FAE04EC0-301F-11D3-BF4B-00C04F79EFBC}") = "Unity.Timeline", "Unity.Timeline.csproj", "{80C1C13E-9C50-3996-B1AB-AAE184408A1E}"
EndProject
Project("{FAE04EC0-301F-11D3-BF4B-00C04F79EFBC}") = "Assembly-CSharp", "Assembly-CSharp.csproj", "{5B4B32E5-051E-5EFF-EF9F-CBB6F6880270}"
EndProject
Project("{FAE04EC0-301F-11D3-BF4B-00C04F79EFBC}") = "Assembly-CSharp-firstpass", "Assembly-CSharp-firstpass.csproj", "{7D11B5E0-E39F-82F6-C107-AC999946B857}"
EndProject
Project("{FAE04EC0-301F-11D3-BF4B-00C04F79EFBC}") = "Unity.TextMeshPro.Editor", "Unity.TextMeshPro.Editor.csproj", "{A80246A4-5139-AB6C-634B-3114AC250ECB}"
EndProject
Project("{FAE04EC0-301F-11D3-BF4B-00C04F79EFBC}") = "Unity.Timeline.Editor", "Unity.Timeline.Editor.csproj", "{1805F48F-99C6-F53A-DE93-3AD369C746C6}"
EndProject
Project("{FAE04EC0-301F-11D3-BF4B-00C04F79EFBC}") = "UnityEditor.TestRunner", "UnityEditor.TestRunner.csproj", "{B9C517E7-A955-D3AB-5BF4-5CB23EA2E227}"
EndProject
Project("{FAE04EC0-301F-11D3-BF4B-00C04F79EFBC}") = "Unity.2D.Sprite.Editor", "Unity.2D.Sprite.Editor.csproj", "{074771F3-F2AF-FCC3-04D5-1C824B74D429}"
EndProject
Project("{FAE04EC0-301F-11D3-BF4B-00C04F79EFBC}") = "Assembly-CSharp-Editor-firstpass", "Assembly-CSharp-Editor-firstpass.csproj", "{F3172E2B-569C-DDCA-D893-ADFD7103C05F}"
EndProject
Project("{FAE04EC0-301F-11D3-BF4B-00C04F79EFBC}") = "UnityEditor.UI", "UnityEditor.UI.csproj", "{72B7ADF7-CA10-204F-5AC7-294E1C99707E}"
EndProject
Project("{FAE04EC0-301F-11D3-BF4B-00C04F79EFBC}") = "Unity.Rider.Editor", "Unity.Rider.Editor.csproj", "{43060CE1-A608-0DB2-FA4D-0928F8EF1D10}"
EndProject
Project("{FAE04EC0-301F-11D3-BF4B-00C04F79EFBC}") = "Unity.CollabProxy.Editor", "Unity.CollabProxy.Editor.csproj", "{61B7BDEA-F291-8CDF-DAAD-E4D10FAF3903}"
EndProject
Project("{FAE04EC0-301F-11D3-BF4B-00C04F79EFBC}") = "Unity.VSCode.Editor", "Unity.VSCode.Editor.csproj", "{FAA38B4C-8CD9-66A6-500F-31C2CF7C3CD6}"
EndProject
Global
	GlobalSection(SolutionConfigurationPlatforms) = preSolution
		Debug|Any CPU = Debug|Any CPU
		Release|Any CPU = Release|Any CPU
	EndGlobalSection
	GlobalSection(ProjectConfigurationPlatforms) = postSolution
		{5D427EBF-B067-81F1-EFC8-0252D3FD26A6}.Debug|Any CPU.ActiveCfg = Debug|Any CPU
		{5D427EBF-B067-81F1-EFC8-0252D3FD26A6}.Debug|Any CPU.Build.0 = Debug|Any CPU
		{5D427EBF-B067-81F1-EFC8-0252D3FD26A6}.Release|Any CPU.ActiveCfg = Release|Any CPU
		{5D427EBF-B067-81F1-EFC8-0252D3FD26A6}.Release|Any CPU.Build.0 = Release|Any CPU
		{34695288-41CA-D588-0A95-AD40910CA565}.Debug|Any CPU.ActiveCfg = Debug|Any CPU
		{34695288-41CA-D588-0A95-AD40910CA565}.Debug|Any CPU.Build.0 = Debug|Any CPU
		{34695288-41CA-D588-0A95-AD40910CA565}.Release|Any CPU.ActiveCfg = Release|Any CPU
		{34695288-41CA-D588-0A95-AD40910CA565}.Release|Any CPU.Build.0 = Release|Any CPU
		{051CDC7B-6996-1788-A29C-9D58C1E1D78E}.Debug|Any CPU.ActiveCfg = Debug|Any CPU
		{051CDC7B-6996-1788-A29C-9D58C1E1D78E}.Debug|Any CPU.Build.0 = Debug|Any CPU
		{051CDC7B-6996-1788-A29C-9D58C1E1D78E}.Release|Any CPU.ActiveCfg = Release|Any CPU
		{051CDC7B-6996-1788-A29C-9D58C1E1D78E}.Release|Any CPU.Build.0 = Release|Any CPU
		{80C1C13E-9C50-3996-B1AB-AAE184408A1E}.Debug|Any CPU.ActiveCfg = Debug|Any CPU
		{80C1C13E-9C50-3996-B1AB-AAE184408A1E}.Debug|Any CPU.Build.0 = Debug|Any CPU
		{80C1C13E-9C50-3996-B1AB-AAE184408A1E}.Release|Any CPU.ActiveCfg = Release|Any CPU
		{80C1C13E-9C50-3996-B1AB-AAE184408A1E}.Release|Any CPU.Build.0 = Release|Any CPU
		{5B4B32E5-051E-5EFF-EF9F-CBB6F6880270}.Debug|Any CPU.ActiveCfg = Debug|Any CPU
		{5B4B32E5-051E-5EFF-EF9F-CBB6F6880270}.Debug|Any CPU.Build.0 = Debug|Any CPU
		{5B4B32E5-051E-5EFF-EF9F-CBB6F6880270}.Release|Any CPU.ActiveCfg = Release|Any CPU
		{5B4B32E5-051E-5EFF-EF9F-CBB6F6880270}.Release|Any CPU.Build.0 = Release|Any CPU
		{7D11B5E0-E39F-82F6-C107-AC999946B857}.Debug|Any CPU.ActiveCfg = Debug|Any CPU
		{7D11B5E0-E39F-82F6-C107-AC999946B857}.Debug|Any CPU.Build.0 = Debug|Any CPU
		{7D11B5E0-E39F-82F6-C107-AC999946B857}.Release|Any CPU.ActiveCfg = Release|Any CPU
		{7D11B5E0-E39F-82F6-C107-AC999946B857}.Release|Any CPU.Build.0 = Release|Any CPU
		{A80246A4-5139-AB6C-634B-3114AC250ECB}.Debug|Any CPU.ActiveCfg = Debug|Any CPU
		{A80246A4-5139-AB6C-634B-3114AC250ECB}.Debug|Any CPU.Build.0 = Debug|Any CPU
		{A80246A4-5139-AB6C-634B-3114AC250ECB}.Release|Any CPU.ActiveCfg = Release|Any CPU
		{A80246A4-5139-AB6C-634B-3114AC250ECB}.Release|Any CPU.Build.0 = Release|Any CPU
		{1805F48F-99C6-F53A-DE93-3AD369C746C6}.Debug|Any CPU.ActiveCfg = Debug|Any CPU
		{1805F48F-99C6-F53A-DE93-3AD369C746C6}.Debug|Any CPU.Build.0 = Debug|Any CPU
		{1805F48F-99C6-F53A-DE93-3AD369C746C6}.Release|Any CPU.ActiveCfg = Release|Any CPU
		{1805F48F-99C6-F53A-DE93-3AD369C746C6}.Release|Any CPU.Build.0 = Release|Any CPU
		{B9C517E7-A955-D3AB-5BF4-5CB23EA2E227}.Debug|Any CPU.ActiveCfg = Debug|Any CPU
		{B9C517E7-A955-D3AB-5BF4-5CB23EA2E227}.Debug|Any CPU.Build.0 = Debug|Any CPU
		{B9C517E7-A955-D3AB-5BF4-5CB23EA2E227}.Release|Any CPU.ActiveCfg = Release|Any CPU
		{B9C517E7-A955-D3AB-5BF4-5CB23EA2E227}.Release|Any CPU.Build.0 = Release|Any CPU
		{074771F3-F2AF-FCC3-04D5-1C824B74D429}.Debug|Any CPU.ActiveCfg = Debug|Any CPU
		{074771F3-F2AF-FCC3-04D5-1C824B74D429}.Debug|Any CPU.Build.0 = Debug|Any CPU
		{074771F3-F2AF-FCC3-04D5-1C824B74D429}.Release|Any CPU.ActiveCfg = Release|Any CPU
		{074771F3-F2AF-FCC3-04D5-1C824B74D429}.Release|Any CPU.Build.0 = Release|Any CPU
		{F3172E2B-569C-DDCA-D893-ADFD7103C05F}.Debug|Any CPU.ActiveCfg = Debug|Any CPU
		{F3172E2B-569C-DDCA-D893-ADFD7103C05F}.Debug|Any CPU.Build.0 = Debug|Any CPU
		{F3172E2B-569C-DDCA-D893-ADFD7103C05F}.Release|Any CPU.ActiveCfg = Release|Any CPU
		{F3172E2B-569C-DDCA-D893-ADFD7103C05F}.Release|Any CPU.Build.0 = Release|Any CPU
		{72B7ADF7-CA10-204F-5AC7-294E1C99707E}.Debug|Any CPU.ActiveCfg = Debug|Any CPU
		{72B7ADF7-CA10-204F-5AC7-294E1C99707E}.Debug|Any CPU.Build.0 = Debug|Any CPU
		{72B7ADF7-CA10-204F-5AC7-294E1C99707E}.Release|Any CPU.ActiveCfg = Release|Any CPU
		{72B7ADF7-CA10-204F-5AC7-294E1C99707E}.Release|Any CPU.Build.0 = Release|Any CPU
		{43060CE1-A608-0DB2-FA4D-0928F8EF1D10}.Debug|Any CPU.ActiveCfg = Debug|Any CPU
		{43060CE1-A608-0DB2-FA4D-0928F8EF1D10}.Debug|Any CPU.Build.0 = Debug|Any CPU
		{43060CE1-A608-0DB2-FA4D-0928F8EF1D10}.Release|Any CPU.ActiveCfg = Release|Any CPU
		{43060CE1-A608-0DB2-FA4D-0928F8EF1D10}.Release|Any CPU.Build.0 = Release|Any CPU
		{61B7BDEA-F291-8CDF-DAAD-E4D10FAF3903}.Debug|Any CPU.ActiveCfg = Debug|Any CPU
		{61B7BDEA-F291-8CDF-DAAD-E4D10FAF3903}.Debug|Any CPU.Build.0 = Debug|Any CPU
		{61B7BDEA-F291-8CDF-DAAD-E4D10FAF3903}.Release|Any CPU.ActiveCfg = Release|Any CPU
		{61B7BDEA-F291-8CDF-DAAD-E4D10FAF3903}.Release|Any CPU.Build.0 = Release|Any CPU
		{FAA38B4C-8CD9-66A6-500F-31C2CF7C3CD6}.Debug|Any CPU.ActiveCfg = Debug|Any CPU
		{FAA38B4C-8CD9-66A6-500F-31C2CF7C3CD6}.Debug|Any CPU.Build.0 = Debug|Any CPU
		{FAA38B4C-8CD9-66A6-500F-31C2CF7C3CD6}.Release|Any CPU.ActiveCfg = Release|Any CPU
		{FAA38B4C-8CD9-66A6-500F-31C2CF7C3CD6}.Release|Any CPU.Build.0 = Release|Any CPU
	EndGlobalSection
	GlobalSection(SolutionProperties) = preSolution
		HideSolutionNode = FALSE
	EndGlobalSection
EndGlobal
