
Microsoft Visual Studio Solution File, Format Version 12.00
# Visual Studio 15
Project("{FAE04EC0-301F-11D3-BF4B-00C04F79EFBC}") = "PlayerCrl", "PlayerCrl.csproj", "{F8116517-CA80-05C8-E7BF-005513E8201F}"
EndProject
Project("{FAE04EC0-301F-11D3-BF4B-00C04F79EFBC}") = "UniRx", "UniRx.csproj", "{1A0F4B90-2754-B834-31E6-4424314770BB}"
EndProject
Project("{FAE04EC0-301F-11D3-BF4B-00C04F79EFBC}") = "UniRx.Examples", "UniRx.Examples.csproj", "{11C069E1-1384-73F6-E6C6-F013CCBDF8BE}"
EndProject
Project("{FAE04EC0-301F-11D3-BF4B-00C04F79EFBC}") = "Tests", "Tests.csproj", "{FF818B4B-BB0C-D63A-039B-E279AC7A8F44}"
EndProject
Global
	GlobalSection(SolutionConfigurationPlatforms) = preSolution
		Debug|Any CPU = Debug|Any CPU
		Release|Any CPU = Release|Any CPU
	EndGlobalSection
	GlobalSection(ProjectConfigurationPlatforms) = postSolution
		{F8116517-CA80-05C8-E7BF-005513E8201F}.Debug|Any CPU.ActiveCfg = Debug|Any CPU
		{F8116517-CA80-05C8-E7BF-005513E8201F}.Debug|Any CPU.Build.0 = Debug|Any CPU
		{F8116517-CA80-05C8-E7BF-005513E8201F}.Release|Any CPU.ActiveCfg = Release|Any CPU
		{F8116517-CA80-05C8-E7BF-005513E8201F}.Release|Any CPU.Build.0 = Release|Any CPU
		{1A0F4B90-2754-B834-31E6-4424314770BB}.Debug|Any CPU.ActiveCfg = Debug|Any CPU
		{1A0F4B90-2754-B834-31E6-4424314770BB}.Debug|Any CPU.Build.0 = Debug|Any CPU
		{1A0F4B90-2754-B834-31E6-4424314770BB}.Release|Any CPU.ActiveCfg = Release|Any CPU
		{1A0F4B90-2754-B834-31E6-4424314770BB}.Release|Any CPU.Build.0 = Release|Any CPU
		{11C069E1-1384-73F6-E6C6-F013CCBDF8BE}.Debug|Any CPU.ActiveCfg = Debug|Any CPU
		{11C069E1-1384-73F6-E6C6-F013CCBDF8BE}.Debug|Any CPU.Build.0 = Debug|Any CPU
		{11C069E1-1384-73F6-E6C6-F013CCBDF8BE}.Release|Any CPU.ActiveCfg = Release|Any CPU
		{11C069E1-1384-73F6-E6C6-F013CCBDF8BE}.Release|Any CPU.Build.0 = Release|Any CPU
		{FF818B4B-BB0C-D63A-039B-E279AC7A8F44}.Debug|Any CPU.ActiveCfg = Debug|Any CPU
		{FF818B4B-BB0C-D63A-039B-E279AC7A8F44}.Debug|Any CPU.Build.0 = Debug|Any CPU
		{FF818B4B-BB0C-D63A-039B-E279AC7A8F44}.Release|Any CPU.ActiveCfg = Release|Any CPU
		{FF818B4B-BB0C-D63A-039B-E279AC7A8F44}.Release|Any CPU.Build.0 = Release|Any CPU
	EndGlobalSection
	GlobalSection(SolutionProperties) = preSolution
		HideSolutionNode = FALSE
	EndGlobalSection
EndGlobal
